// !$*UTF8*$!
{
	archiveVersion = 1;
	classes = {
	};
	objectVersion = 46;
	objects = {

/* Begin PBXBuildFile section */
		04B6FB2D1EE925340060B2A1 /* main.m in Sources */ = {isa = PBXBuildFile; fileRef = 04B6FB2C1EE925340060B2A1 /* main.m */; };
		04B6FB301EE925340060B2A1 /* AppDelegate.m in Sources */ = {isa = PBXBuildFile; fileRef = 04B6FB2F1EE925340060B2A1 /* AppDelegate.m */; };
		04B6FB331EE925340060B2A1 /* ViewController.m in Sources */ = {isa = PBXBuildFile; fileRef = 04B6FB321EE925340060B2A1 /* ViewController.m */; };
		04B6FB361EE925340060B2A1 /* Main.storyboard in Resources */ = {isa = PBXBuildFile; fileRef = 04B6FB341EE925340060B2A1 /* Main.storyboard */; };
		04B6FB381EE925340060B2A1 /* Assets.xcassets in Resources */ = {isa = PBXBuildFile; fileRef = 04B6FB371EE925340060B2A1 /* Assets.xcassets */; };
		04B6FB3B1EE925340060B2A1 /* LaunchScreen.storyboard in Resources */ = {isa = PBXBuildFile; fileRef = 04B6FB391EE925340060B2A1 /* LaunchScreen.storyboard */; };
		04B6FB461EE925340060B2A1 /* IMSoketTests.m in Sources */ = {isa = PBXBuildFile; fileRef = 04B6FB451EE925340060B2A1 /* IMSoketTests.m */; };
		04B6FB511EE925350060B2A1 /* IMSoketUITests.m in Sources */ = {isa = PBXBuildFile; fileRef = 04B6FB501EE925350060B2A1 /* IMSoketUITests.m */; };
		04B6FB601EE925900060B2A1 /* IMSocketManager.m in Sources */ = {isa = PBXBuildFile; fileRef = 04B6FB5F1EE925900060B2A1 /* IMSocketManager.m */; };
		04B6FB631EE94A940060B2A1 /* GCDAsyncIMManager.m in Sources */ = {isa = PBXBuildFile; fileRef = 04B6FB621EE94A940060B2A1 /* GCDAsyncIMManager.m */; };
		7DF87F880A649CB3A2420CD8 /* libPods-IMSoket.a in Frameworks */ = {isa = PBXBuildFile; fileRef = B28108FDFD0A3D37A281F9EB /* libPods-IMSoket.a */; };
/* End PBXBuildFile section */

/* Begin PBXContainerItemProxy section */
		04B6FB421EE925340060B2A1 /* PBXContainerItemProxy */ = {
			isa = PBXContainerItemProxy;
			containerPortal = 04B6FB201EE925330060B2A1 /* Project object */;
			proxyType = 1;
			remoteGlobalIDString = 04B6FB271EE925330060B2A1;
			remoteInfo = IMSoket;
		};
		04B6FB4D1EE925350060B2A1 /* PBXContainerItemProxy */ = {
			isa = PBXContainerItemProxy;
			containerPortal = 04B6FB201EE925330060B2A1 /* Project object */;
			proxyType = 1;
			remoteGlobalIDString = 04B6FB271EE925330060B2A1;
			remoteInfo = IMSoket;
		};
/* End PBXContainerItemProxy section */

/* Begin PBXFileReference section */
		04B6FB281EE925330060B2A1 /* IMSoket.app */ = {isa = PBXFileReference; explicitFileType = wrapper.application; includeInIndex = 0; path = IMSoket.app; sourceTree = BUILT_PRODUCTS_DIR; };
		04B6FB2C1EE925340060B2A1 /* main.m */ = {isa = PBXFileReference; lastKnownFileType = sourcecode.c.objc; path = main.m; sourceTree = "<group>"; };
		04B6FB2E1EE925340060B2A1 /* AppDelegate.h */ = {isa = PBXFileReference; lastKnownFileType = sourcecode.c.h; path = AppDelegate.h; sourceTree = "<group>"; };
		04B6FB2F1EE925340060B2A1 /* AppDelegate.m */ = {isa = PBXFileReference; lastKnownFileType = sourcecode.c.objc; path = AppDelegate.m; sourceTree = "<group>"; };
		04B6FB311EE925340060B2A1 /* ViewController.h */ = {isa = PBXFileReference; lastKnownFileType = sourcecode.c.h; path = ViewController.h; sourceTree = "<group>"; };
		04B6FB321EE925340060B2A1 /* ViewController.m */ = {isa = PBXFileReference; lastKnownFileType = sourcecode.c.objc; path = ViewController.m; sourceTree = "<group>"; };
		04B6FB351EE925340060B2A1 /* Base */ = {isa = PBXFileReference; lastKnownFileType = file.storyboard; name = Base; path = Base.lproj/Main.storyboard; sourceTree = "<group>"; };
		04B6FB371EE925340060B2A1 /* Assets.xcassets */ = {isa = PBXFileReference; lastKnownFileType = folder.assetcatalog; path = Assets.xcassets; sourceTree = "<group>"; };
		04B6FB3A1EE925340060B2A1 /* Base */ = {isa = PBXFileReference; lastKnownFileType = file.storyboard; name = Base; path = Base.lproj/LaunchScreen.storyboard; sourceTree = "<group>"; };
		04B6FB3C1EE925340060B2A1 /* Info.plist */ = {isa = PBXFileReference; lastKnownFileType = text.plist.xml; path = Info.plist; sourceTree = "<group>"; };
		04B6FB411EE925340060B2A1 /* IMSoketTests.xctest */ = {isa = PBXFileReference; explicitFileType = wrapper.cfbundle; includeInIndex = 0; path = IMSoketTests.xctest; sourceTree = BUILT_PRODUCTS_DIR; };
		04B6FB451EE925340060B2A1 /* IMSoketTests.m */ = {isa = PBXFileReference; lastKnownFileType = sourcecode.c.objc; path = IMSoketTests.m; sourceTree = "<group>"; };
		04B6FB471EE925350060B2A1 /* Info.plist */ = {isa = PBXFileReference; lastKnownFileType = text.plist.xml; path = Info.plist; sourceTree = "<group>"; };
		04B6FB4C1EE925350060B2A1 /* IMSoketUITests.xctest */ = {isa = PBXFileReference; explicitFileType = wrapper.cfbundle; includeInIndex = 0; path = IMSoketUITests.xctest; sourceTree = BUILT_PRODUCTS_DIR; };
		04B6FB501EE925350060B2A1 /* IMSoketUITests.m */ = {isa = PBXFileReference; lastKnownFileType = sourcecode.c.objc; path = IMSoketUITests.m; sourceTree = "<group>"; };
		04B6FB521EE925350060B2A1 /* Info.plist */ = {isa = PBXFileReference; lastKnownFileType = text.plist.xml; path = Info.plist; sourceTree = "<group>"; };
		04B6FB5E1EE925900060B2A1 /* IMSocketManager.h */ = {isa = PBXFileReference; fileEncoding = 4; lastKnownFileType = sourcecode.c.h; path = IMSocketManager.h; sourceTree = "<group>"; };
		04B6FB5F1EE925900060B2A1 /* IMSocketManager.m */ = {isa = PBXFileReference; fileEncoding = 4; lastKnownFileType = sourcecode.c.objc; path = IMSocketManager.m; sourceTree = "<group>"; };
		04B6FB611EE94A940060B2A1 /* GCDAsyncIMManager.h */ = {isa = PBXFileReference; fileEncoding = 4; lastKnownFileType = sourcecode.c.h; path = GCDAsyncIMManager.h; sourceTree = "<group>"; };
		04B6FB621EE94A940060B2A1 /* GCDAsyncIMManager.m */ = {isa = PBXFileReference; fileEncoding = 4; lastKnownFileType = sourcecode.c.objc; path = GCDAsyncIMManager.m; sourceTree = "<group>"; };
		B28108FDFD0A3D37A281F9EB /* libPods-IMSoket.a */ = {isa = PBXFileReference; explicitFileType = archive.ar; includeInIndex = 0; path = "libPods-IMSoket.a"; sourceTree = BUILT_PRODUCTS_DIR; };
		D991491D661CE5776B05E417 /* Pods-IMSoket.release.xcconfig */ = {isa = PBXFileReference; includeInIndex = 1; lastKnownFileType = text.xcconfig; name = "Pods-IMSoket.release.xcconfig"; path = "Pods/Target Support Files/Pods-IMSoket/Pods-IMSoket.release.xcconfig"; sourceTree = "<group>"; };
		FCD63BA43ED72B5D0AD1E22D /* Pods-IMSoket.debug.xcconfig */ = {isa = PBXFileReference; includeInIndex = 1; lastKnownFileType = text.xcconfig; name = "Pods-IMSoket.debug.xcconfig"; path = "Pods/Target Support Files/Pods-IMSoket/Pods-IMSoket.debug.xcconfig"; sourceTree = "<group>"; };
/* End PBXFileReference section */

/* Begin PBXFrameworksBuildPhase section */
		04B6FB251EE925330060B2A1 /* Frameworks */ = {
			isa = PBXFrameworksBuildPhase;
			buildActionMask = 2147483647;
			files = (
				7DF87F880A649CB3A2420CD8 /* libPods-IMSoket.a in Frameworks */,
			);
			runOnlyForDeploymentPostprocessing = 0;
		};
		04B6FB3E1EE925340060B2A1 /* Frameworks */ = {
			isa = PBXFrameworksBuildPhase;
			buildActionMask = 2147483647;
			files = (
			);
			runOnlyForDeploymentPostprocessing = 0;
		};
		04B6FB491EE925350060B2A1 /* Frameworks */ = {
			isa = PBXFrameworksBuildPhase;
			buildActionMask = 2147483647;
			files = (
			);
			runOnlyForDeploymentPostprocessing = 0;
		};
/* End PBXFrameworksBuildPhase section */

/* Begin PBXGroup section */
		04B6FB1F1EE925330060B2A1 = {
			isa = PBXGroup;
			children = (
				04B6FB2A1EE925330060B2A1 /* IMSoket */,
				04B6FB441EE925340060B2A1 /* IMSoketTests */,
				04B6FB4F1EE925350060B2A1 /* IMSoketUITests */,
				04B6FB291EE925330060B2A1 /* Products */,
				573CC89E3549909D59EB29B9 /* Pods */,
				69002855622B671A4A1FB3CD /* Frameworks */,
			);
			sourceTree = "<group>";
		};
		04B6FB291EE925330060B2A1 /* Products */ = {
			isa = PBXGroup;
			children = (
				04B6FB281EE925330060B2A1 /* IMSoket.app */,
				04B6FB411EE925340060B2A1 /* IMSoketTests.xctest */,
				04B6FB4C1EE925350060B2A1 /* IMSoketUITests.xctest */,
			);
			name = Products;
			sourceTree = "<group>";
		};
		04B6FB2A1EE925330060B2A1 /* IMSoket */ = {
			isa = PBXGroup;
			children = (
				04B6FB2E1EE925340060B2A1 /* AppDelegate.h */,
				04B6FB2F1EE925340060B2A1 /* AppDelegate.m */,
				04B6FB311EE925340060B2A1 /* ViewController.h */,
				04B6FB321EE925340060B2A1 /* ViewController.m */,
				04B6FB5E1EE925900060B2A1 /* IMSocketManager.h */,
				04B6FB5F1EE925900060B2A1 /* IMSocketManager.m */,
				04B6FB611EE94A940060B2A1 /* GCDAsyncIMManager.h */,
				04B6FB621EE94A940060B2A1 /* GCDAsyncIMManager.m */,
				04B6FB341EE925340060B2A1 /* Main.storyboard */,
				04B6FB371EE925340060B2A1 /* Assets.xcassets */,
				04B6FB391EE925340060B2A1 /* LaunchScreen.storyboard */,
				04B6FB3C1EE925340060B2A1 /* Info.plist */,
				04B6FB2B1EE925340060B2A1 /* Supporting Files */,
			);
			path = IMSoket;
			sourceTree = "<group>";
		};
		04B6FB2B1EE925340060B2A1 /* Supporting Files */ = {
			isa = PBXGroup;
			children = (
				04B6FB2C1EE925340060B2A1 /* main.m */,
			);
			name = "Supporting Files";
			sourceTree = "<group>";
		};
		04B6FB441EE925340060B2A1 /* IMSoketTests */ = {
			isa = PBXGroup;
			children = (
				04B6FB451EE925340060B2A1 /* IMSoketTests.m */,
				04B6FB471EE925350060B2A1 /* Info.plist */,
			);
			path = IMSoketTests;
			sourceTree = "<group>";
		};
		04B6FB4F1EE925350060B2A1 /* IMSoketUITests */ = {
			isa = PBXGroup;
			children = (
				04B6FB501EE925350060B2A1 /* IMSoketUITests.m */,
				04B6FB521EE925350060B2A1 /* Info.plist */,
			);
			path = IMSoketUITests;
			sourceTree = "<group>";
		};
		573CC89E3549909D59EB29B9 /* Pods */ = {
			isa = PBXGroup;
			children = (
				FCD63BA43ED72B5D0AD1E22D /* Pods-IMSoket.debug.xcconfig */,
				D991491D661CE5776B05E417 /* Pods-IMSoket.release.xcconfig */,
			);
			name = Pods;
			sourceTree = "<group>";
		};
		69002855622B671A4A1FB3CD /* Frameworks */ = {
			isa = PBXGroup;
			children = (
				B28108FDFD0A3D37A281F9EB /* libPods-IMSoket.a */,
			);
			name = Frameworks;
			sourceTree = "<group>";
		};
/* End PBXGroup section */

/* Begin PBXNativeTarget section */
		04B6FB271EE925330060B2A1 /* IMSoket */ = {
			isa = PBXNativeTarget;
			buildConfigurationList = 04B6FB551EE925350060B2A1 /* Build configuration list for PBXNativeTarget "IMSoket" */;
			buildPhases = (
				A5C5558E6EB5CA65EB6AA3CB /* [CP] Check Pods Manifest.lock */,
				04B6FB241EE925330060B2A1 /* Sources */,
				04B6FB251EE925330060B2A1 /* Frameworks */,
				04B6FB261EE925330060B2A1 /* Resources */,
				0EE749886100C577EA64D476 /* [CP] Embed Pods Frameworks */,
				D9929116A32937A27A8865D7 /* [CP] Copy Pods Resources */,
			);
			buildRules = (
			);
			dependencies = (
			);
			name = IMSoket;
			productName = IMSoket;
			productReference = 04B6FB281EE925330060B2A1 /* IMSoket.app */;
			productType = "com.apple.product-type.application";
		};
		04B6FB401EE925340060B2A1 /* IMSoketTests */ = {
			isa = PBXNativeTarget;
			buildConfigurationList = 04B6FB581EE925350060B2A1 /* Build configuration list for PBXNativeTarget "IMSoketTests" */;
			buildPhases = (
				04B6FB3D1EE925340060B2A1 /* Sources */,
				04B6FB3E1EE925340060B2A1 /* Frameworks */,
				04B6FB3F1EE925340060B2A1 /* Resources */,
			);
			buildRules = (
			);
			dependencies = (
				04B6FB431EE925340060B2A1 /* PBXTargetDependency */,
			);
			name = IMSoketTests;
			productName = IMSoketTests;
			productReference = 04B6FB411EE925340060B2A1 /* IMSoketTests.xctest */;
			productType = "com.apple.product-type.bundle.unit-test";
		};
		04B6FB4B1EE925350060B2A1 /* IMSoketUITests */ = {
			isa = PBXNativeTarget;
			buildConfigurationList = 04B6FB5B1EE925350060B2A1 /* Build configuration list for PBXNativeTarget "IMSoketUITests" */;
			buildPhases = (
				04B6FB481EE925350060B2A1 /* Sources */,
				04B6FB491EE925350060B2A1 /* Frameworks */,
				04B6FB4A1EE925350060B2A1 /* Resources */,
			);
			buildRules = (
			);
			dependencies = (
				04B6FB4E1EE925350060B2A1 /* PBXTargetDependency */,
			);
			name = IMSoketUITests;
			productName = IMSoketUITests;
			productReference = 04B6FB4C1EE925350060B2A1 /* IMSoketUITests.xctest */;
			productType = "com.apple.product-type.bundle.ui-testing";
		};
/* End PBXNativeTarget section */

/* Begin PBXProject section */
		04B6FB201EE925330060B2A1 /* Project object */ = {
			isa = PBXProject;
			attributes = {
				LastUpgradeCheck = 0830;
				ORGANIZATIONNAME = mac;
				TargetAttributes = {
					04B6FB271EE925330060B2A1 = {
						CreatedOnToolsVersion = 8.3.2;
						ProvisioningStyle = Automatic;
					};
					04B6FB401EE925340060B2A1 = {
						CreatedOnToolsVersion = 8.3.2;
						ProvisioningStyle = Automatic;
						TestTargetID = 04B6FB271EE925330060B2A1;
					};
					04B6FB4B1EE925350060B2A1 = {
						CreatedOnToolsVersion = 8.3.2;
						ProvisioningStyle = Automatic;
						TestTargetID = 04B6FB271EE925330060B2A1;
					};
				};
			};
			buildConfigurationList = 04B6FB231EE925330060B2A1 /* Build configuration list for PBXProject "IMSoket" */;
			compatibilityVersion = "Xcode 3.2";
			developmentRegion = English;
			hasScannedForEncodings = 0;
			knownRegions = (
				en,
				Base,
			);
			mainGroup = 04B6FB1F1EE925330060B2A1;
			productRefGroup = 04B6FB291EE925330060B2A1 /* Products */;
			projectDirPath = "";
			projectRoot = "";
			targets = (
				04B6FB271EE925330060B2A1 /* IMSoket */,
				04B6FB401EE925340060B2A1 /* IMSoketTests */,
				04B6FB4B1EE925350060B2A1 /* IMSoketUITests */,
			);
		};
/* End PBXProject section */

/* Begin PBXResourcesBuildPhase section */
		04B6FB261EE925330060B2A1 /* Resources */ = {
			isa = PBXResourcesBuildPhase;
			buildActionMask = 2147483647;
			files = (
				04B6FB3B1EE925340060B2A1 /* LaunchScreen.storyboard in Resources */,
				04B6FB381EE925340060B2A1 /* Assets.xcassets in Resources */,
				04B6FB361EE925340060B2A1 /* Main.storyboard in Resources */,
			);
			runOnlyForDeploymentPostprocessing = 0;
		};
		04B6FB3F1EE925340060B2A1 /* Resources */ = {
			isa = PBXResourcesBuildPhase;
			buildActionMask = 2147483647;
			files = (
			);
			runOnlyForDeploymentPostprocessing = 0;
		};
		04B6FB4A1EE925350060B2A1 /* Resources */ = {
			isa = PBXResourcesBuildPhase;
			buildActionMask = 2147483647;
			files = (
			);
			runOnlyForDeploymentPostprocessing = 0;
		};
/* End PBXResourcesBuildPhase section */

/* Begin PBXShellScriptBuildPhase section */
		0EE749886100C577EA64D476 /* [CP] Embed Pods Frameworks */ = {
			isa = PBXShellScriptBuildPhase;
			buildActionMask = 2147483647;
			files = (
			);
			inputPaths = (
			);
			name = "[CP] Embed Pods Frameworks";
			outputPaths = (
			);
			runOnlyForDeploymentPostprocessing = 0;
			shellPath = /bin/sh;
			shellScript = "\"${SRCROOT}/Pods/Target Support Files/Pods-IMSoket/Pods-IMSoket-frameworks.sh\"\n";
			showEnvVarsInLog = 0;
		};
		A5C5558E6EB5CA65EB6AA3CB /* [CP] Check Pods Manifest.lock */ = {
			isa = PBXShellScriptBuildPhase;
			buildActionMask = 2147483647;
			files = (
			);
			inputPaths = (
			);
			name = "[CP] Check Pods Manifest.lock";
			outputPaths = (
			);
			runOnlyForDeploymentPostprocessing = 0;
			shellPath = /bin/sh;
			shellScript = "diff \"${PODS_PODFILE_DIR_PATH}/Podfile.lock\" \"${PODS_ROOT}/Manifest.lock\" > /dev/null\nif [ $? != 0 ] ; then\n    # print error to STDERR\n    echo \"error: The sandbox is not in sync with the Podfile.lock. Run 'pod install' or update your CocoaPods installation.\" >&2\n    exit 1\nfi\n";
			showEnvVarsInLog = 0;
		};
		D9929116A32937A27A8865D7 /* [CP] Copy Pods Resources */ = {
			isa = PBXShellScriptBuildPhase;
			buildActionMask = 2147483647;
			files = (
			);
			inputPaths = (
			);
			name = "[CP] Copy Pods Resources";
			outputPaths = (
			);
			runOnlyForDeploymentPostprocessing = 0;
			shellPath = /bin/sh;
			shellScript = "\"${SRCROOT}/Pods/Target Support Files/Pods-IMSoket/Pods-IMSoket-resources.sh\"\n";
			showEnvVarsInLog = 0;
		};
/* End PBXShellScriptBuildPhase section */

/* Begin PBXSourcesBuildPhase section */
		04B6FB241EE925330060B2A1 /* Sources */ = {
			isa = PBXSourcesBuildPhase;
			buildActionMask = 2147483647;
			files = (
				04B6FB331EE925340060B2A1 /* ViewController.m in Sources */,
				04B6FB301EE925340060B2A1 /* AppDelegate.m in Sources */,
				04B6FB601EE925900060B2A1 /* IMSocketManager.m in Sources */,
				04B6FB631EE94A940060B2A1 /* GCDAsyncIMManager.m in Sources */,
				04B6FB2D1EE925340060B2A1 /* main.m in Sources */,
			);
			runOnlyForDeploymentPostprocessing = 0;
		};
		04B6FB3D1EE925340060B2A1 /* Sources */ = {
			isa = PBXSourcesBuildPhase;
			buildActionMask = 2147483647;
			files = (
				04B6FB461EE925340060B2A1 /* IMSoketTests.m in Sources */,
			);
			runOnlyForDeploymentPostprocessing = 0;
		};
		04B6FB481EE925350060B2A1 /* Sources */ = {
			isa = PBXSourcesBuildPhase;
			buildActionMask = 2147483647;
			files = (
				04B6FB511EE925350060B2A1 /* IMSoketUITests.m in Sources */,
			);
			runOnlyForDeploymentPostprocessing = 0;
		};
/* End PBXSourcesBuildPhase section */

/* Begin PBXTargetDependency section */
		04B6FB431EE925340060B2A1 /* PBXTargetDependency */ = {
			isa = PBXTargetDependency;
			target = 04B6FB271EE925330060B2A1 /* IMSoket */;
			targetProxy = 04B6FB421EE925340060B2A1 /* PBXContainerItemProxy */;
		};
		04B6FB4E1EE925350060B2A1 /* PBXTargetDependency */ = {
			isa = PBXTargetDependency;
			target = 04B6FB271EE925330060B2A1 /* IMSoket */;
			targetProxy = 04B6FB4D1EE925350060B2A1 /* PBXContainerItemProxy */;
		};
/* End PBXTargetDependency section */

/* Begin PBXVariantGroup section */
		04B6FB341EE925340060B2A1 /* Main.storyboard */ = {
			isa = PBXVariantGroup;
			children = (
				04B6FB351EE925340060B2A1 /* Base */,
			);
			name = Main.storyboard;
			sourceTree = "<group>";
		};
		04B6FB391EE925340060B2A1 /* LaunchScreen.storyboard */ = {
			isa = PBXVariantGroup;
			children = (
				04B6FB3A1EE925340060B2A1 /* Base */,
			);
			name = LaunchScreen.storyboard;
			sourceTree = "<group>";
		};
/* End PBXVariantGroup section */

/* Begin XCBuildConfiguration section */
		04B6FB531EE925350060B2A1 /* Debug */ = {
			isa = XCBuildConfiguration;
			buildSettings = {
				ALWAYS_SEARCH_USER_PATHS = NO;
				CLANG_ANALYZER_NONNULL = YES;
				CLANG_ANALYZER_NUMBER_OBJECT_CONVERSION = YES_AGGRESSIVE;
				CLANG_CXX_LANGUAGE_STANDARD = "gnu++0x";
				CLANG_CXX_LIBRARY = "libc++";
				CLANG_ENABLE_MODULES = YES;
				CLANG_ENABLE_OBJC_ARC = YES;
				CLANG_WARN_BOOL_CONVERSION = YES;
				CLANG_WARN_CONSTANT_CONVERSION = YES;
				CLANG_WARN_DIRECT_OBJC_ISA_USAGE = YES_ERROR;
				CLANG_WARN_DOCUMENTATION_COMMENTS = YES;
				CLANG_WARN_EMPTY_BODY = YES;
				CLANG_WARN_ENUM_CONVERSION = YES;
				CLANG_WARN_INFINITE_RECURSION = YES;
				CLANG_WARN_INT_CONVERSION = YES;
				CLANG_WARN_OBJC_ROOT_CLASS = YES_ERROR;
				CLANG_WARN_SUSPICIOUS_MOVE = YES;
				CLANG_WARN_UNREACHABLE_CODE = YES;
				CLANG_WARN__DUPLICATE_METHOD_MATCH = YES;
				"CODE_SIGN_IDENTITY[sdk=iphoneos*]" = "iPhone Developer";
				COPY_PHASE_STRIP = NO;
				DEBUG_INFORMATION_FORMAT = dwarf;
				ENABLE_STRICT_OBJC_MSGSEND = YES;
				ENABLE_TESTABILITY = YES;
				GCC_C_LANGUAGE_STANDARD = gnu99;
				GCC_DYNAMIC_NO_PIC = NO;
				GCC_NO_COMMON_BLOCKS = YES;
				GCC_OPTIMIZATION_LEVEL = 0;
				GCC_PREPROCESSOR_DEFINITIONS = (
					"DEBUG=1",
					"$(inherited)",
				);
				GCC_WARN_64_TO_32_BIT_CONVERSION = YES;
				GCC_WARN_ABOUT_RETURN_TYPE = YES_ERROR;
				GCC_WARN_UNDECLARED_SELECTOR = YES;
				GCC_WARN_UNINITIALIZED_AUTOS = YES_AGGRESSIVE;
				GCC_WARN_UNUSED_FUNCTION = YES;
				GCC_WARN_UNUSED_VARIABLE = YES;
				IPHONEOS_DEPLOYMENT_TARGET = 10.3;
				MTL_ENABLE_DEBUG_INFO = YES;
				ONLY_ACTIVE_ARCH = YES;
				SDKROOT = iphoneos;
			};
			name = Debug;
		};
		04B6FB541EE925350060B2A1 /* Release */ = {
			isa = XCBuildConfiguration;
			buildSettings = {
				ALWAYS_SEARCH_USER_PATHS = NO;
				CLANG_ANALYZER_NONNULL = YES;
				CLANG_ANALYZER_NUMBER_OBJECT_CONVERSION = YES_AGGRESSIVE;
				CLANG_CXX_LANGUAGE_STANDARD = "gnu++0x";
				CLANG_CXX_LIBRARY = "libc++";
				CLANG_ENABLE_MODULES = YES;
				CLANG_ENABLE_OBJC_ARC = YES;
				CLANG_WARN_BOOL_CONVERSION = YES;
				CLANG_WARN_CONSTANT_CONVERSION = YES;
				CLANG_WARN_DIRECT_OBJC_ISA_USAGE = YES_ERROR;
				CLANG_WARN_DOCUMENTATION_COMMENTS = YES;
				CLANG_WARN_EMPTY_BODY = YES;
				CLANG_WARN_ENUM_CONVERSION = YES;
				CLANG_WARN_INFINITE_RECURSION = YES;
				CLANG_WARN_INT_CONVERSION = YES;
				CLANG_WARN_OBJC_ROOT_CLASS = YES_ERROR;
				CLANG_WARN_SUSPICIOUS_MOVE = YES;
				CLANG_WARN_UNREACHABLE_CODE = YES;
				CLANG_WARN__DUPLICATE_METHOD_MATCH = YES;
				"CODE_SIGN_IDENTITY[sdk=iphoneos*]" = "iPhone Developer";
				COPY_PHASE_STRIP = NO;
				DEBUG_INFORMATION_FORMAT = "dwarf-with-dsym";
				ENABLE_NS_ASSERTIONS = NO;
				ENABLE_STRICT_OBJC_MSGSEND = YES;
				GCC_C_LANGUAGE_STANDARD = gnu99;
				GCC_NO_COMMON_BLOCKS = YES;
				GCC_WARN_64_TO_32_BIT_CONVERSION = YES;
				GCC_WARN_ABOUT_RETURN_TYPE = YES_ERROR;
				GCC_WARN_UNDECLARED_SELECTOR = YES;
				GCC_WARN_UNINITIALIZED_AUTOS = YES_AGGRESSIVE;
				GCC_WARN_UNUSED_FUNCTION = YES;
				GCC_WARN_UNUSED_VARIABLE = YES;
				IPHONEOS_DEPLOYMENT_TARGET = 10.3;
				MTL_ENABLE_DEBUG_INFO = NO;
				SDKROOT = iphoneos;
				VALIDATE_PRODUCT = YES;
			};
			name = Release;
		};
		04B6FB561EE925350060B2A1 /* Debug */ = {
			isa = XCBuildConfiguration;
			baseConfigurationReference = FCD63BA43ED72B5D0AD1E22D /* Pods-IMSoket.debug.xcconfig */;
			buildSettings = {
				ASSETCATALOG_COMPILER_APPICON_NAME = AppIcon;
				INFOPLIST_FILE = IMSoket/Info.plist;
				LD_RUNPATH_SEARCH_PATHS = "$(inherited) @executable_path/Frameworks";
				PRODUCT_BUNDLE_IDENTIFIER = zoe.IMSoket;
				PRODUCT_NAME = "$(TARGET_NAME)";
			};
			name = Debug;
		};
		04B6FB571EE925350060B2A1 /* Release */ = {
			isa = XCBuildConfiguration;
			baseConfigurationReference = D991491D661CE5776B05E417 /* Pods-IMSoket.release.xcconfig */;
			buildSettings = {
				ASSETCATALOG_COMPILER_APPICON_NAME = AppIcon;
				INFOPLIST_FILE = IMSoket/Info.plist;
				LD_RUNPATH_SEARCH_PATHS = "$(inherited) @executable_path/Frameworks";
				PRODUCT_BUNDLE_IDENTIFIER = zoe.IMSoket;
				PRODUCT_NAME = "$(TARGET_NAME)";
			};
			name = Release;
		};
		04B6FB591EE925350060B2A1 /* Debug */ = {
			isa = XCBuildConfiguration;
			buildSettings = {
				BUNDLE_LOADER = "$(TEST_HOST)";
				INFOPLIST_FILE = IMSoketTests/Info.plist;
				LD_RUNPATH_SEARCH_PATHS = "$(inherited) @executable_path/Frameworks @loader_path/Frameworks";
				PRODUCT_BUNDLE_IDENTIFIER = zoe.IMSoketTests;
				PRODUCT_NAME = "$(TARGET_NAME)";
				TEST_HOST = "$(BUILT_PRODUCTS_DIR)/IMSoket.app/IMSoket";
			};
			name = Debug;
		};
		04B6FB5A1EE925350060B2A1 /* Release */ = {
			isa = XCBuildConfiguration;
			buildSettings = {
				BUNDLE_LOADER = "$(TEST_HOST)";
				INFOPLIST_FILE = IMSoketTests/Info.plist;
				LD_RUNPATH_SEARCH_PATHS = "$(inherited) @executable_path/Frameworks @loader_path/Frameworks";
				PRODUCT_BUNDLE_IDENTIFIER = zoe.IMSoketTests;
				PRODUCT_NAME = "$(TARGET_NAME)";
				TEST_HOST = "$(BUILT_PRODUCTS_DIR)/IMSoket.app/IMSoket";
			};
			name = Release;
		};
		04B6FB5C1EE925350060B2A1 /* Debug */ = {
			isa = XCBuildConfiguration;
			buildSettings = {
				INFOPLIST_FILE = IMSoketUITests/Info.plist;
				LD_RUNPATH_SEARCH_PATHS = "$(inherited) @executable_path/Frameworks @loader_path/Frameworks";
				PRODUCT_BUNDLE_IDENTIFIER = zoe.IMSoketUITests;
				PRODUCT_NAME = "$(TARGET_NAME)";
				TEST_TARGET_NAME = IMSoket;
			};
			name = Debug;
		};
		04B6FB5D1EE925350060B2A1 /* Release */ = {
			isa = XCBuildConfiguration;
			buildSettings = {
				INFOPLIST_FILE = IMSoketUITests/Info.plist;
				LD_RUNPATH_SEARCH_PATHS = "$(inherited) @executable_path/Frameworks @loader_path/Frameworks";
				PRODUCT_BUNDLE_IDENTIFIER = zoe.IMSoketUITests;
				PRODUCT_NAME = "$(TARGET_NAME)";
				TEST_TARGET_NAME = IMSoket;
			};
			name = Release;
		};
/* End XCBuildConfiguration section */

/* Begin XCConfigurationList section */
		04B6FB231EE925330060B2A1 /* Build configuration list for PBXProject "IMSoket" */ = {
			isa = XCConfigurationList;
			buildConfigurations = (
				04B6FB531EE925350060B2A1 /* Debug */,
				04B6FB541EE925350060B2A1 /* Release */,
			);
			defaultConfigurationIsVisible = 0;
			defaultConfigurationName = Release;
		};
		04B6FB551EE925350060B2A1 /* Build configuration list for PBXNativeTarget "IMSoket" */ = {
			isa = XCConfigurationList;
			buildConfigurations = (
				04B6FB561EE925350060B2A1 /* Debug */,
				04B6FB571EE925350060B2A1 /* Release */,
			);
			defaultConfigurationIsVisible = 0;
		};
		04B6FB581EE925350060B2A1 /* Build configuration list for PBXNativeTarget "IMSoketTests" */ = {
			isa = XCConfigurationList;
			buildConfigurations = (
				04B6FB591EE925350060B2A1 /* Debug */,
				04B6FB5A1EE925350060B2A1 /* Release */,
			);
			defaultConfigurationIsVisible = 0;
		};
		04B6FB5B1EE925350060B2A1 /* Build configuration list for PBXNativeTarget "IMSoketUITests" */ = {
			isa = XCConfigurationList;
			buildConfigurations = (
				04B6FB5C1EE925350060B2A1 /* Debug */,
				04B6FB5D1EE925350060B2A1 /* Release */,
			);
			defaultConfigurationIsVisible = 0;
		};
/* End XCConfigurationList section */
	};
	rootObject = 04B6FB201EE925330060B2A1 /* Project object */;
}
